// !$*UTF8*$!
{
	archiveVersion = 1;
	classes = {
	};
	objectVersion = 51;
	objects = {

/* Begin PBXBuildFile section */
		8384A5C74F9F2C1670460EAF /* Pods_CurrencyConverter.framework in Frameworks */ = {isa = PBXBuildFile; fileRef = 59C57AE3EDB8525B5B544EA4 /* Pods_CurrencyConverter.framework */; };
		D9388BCF23FF542F0061615C /* CurrencyConverterViewModel.swift in Sources */ = {isa = PBXBuildFile; fileRef = D9388BCE23FF542F0061615C /* CurrencyConverterViewModel.swift */; };
		D94C6F6A23D8B00A00ED8C53 /* LoginPresenter.swift in Sources */ = {isa = PBXBuildFile; fileRef = D94C6F6923D8B00A00ED8C53 /* LoginPresenter.swift */; };
		D94C6F6C23D8B1C200ED8C53 /* LoginModel.swift in Sources */ = {isa = PBXBuildFile; fileRef = D94C6F6B23D8B1C200ED8C53 /* LoginModel.swift */; };
		D94F1F5223D653C600F147EB /* AppDelegate.swift in Sources */ = {isa = PBXBuildFile; fileRef = D94F1F5123D653C600F147EB /* AppDelegate.swift */; };
		D94F1F5423D653C600F147EB /* SceneDelegate.swift in Sources */ = {isa = PBXBuildFile; fileRef = D94F1F5323D653C600F147EB /* SceneDelegate.swift */; };
		D94F1F5623D653C600F147EB /* LoginViewController.swift in Sources */ = {isa = PBXBuildFile; fileRef = D94F1F5523D653C600F147EB /* LoginViewController.swift */; };
		D94F1F5923D653C600F147EB /* Main.storyboard in Resources */ = {isa = PBXBuildFile; fileRef = D94F1F5723D653C600F147EB /* Main.storyboard */; };
		D94F1F5B23D653C800F147EB /* Assets.xcassets in Resources */ = {isa = PBXBuildFile; fileRef = D94F1F5A23D653C800F147EB /* Assets.xcassets */; };
		D94F1F5E23D653C800F147EB /* LaunchScreen.storyboard in Resources */ = {isa = PBXBuildFile; fileRef = D94F1F5C23D653C800F147EB /* LaunchScreen.storyboard */; };
		D94F1F6923D653C800F147EB /* CurrencyConverterTests.swift in Sources */ = {isa = PBXBuildFile; fileRef = D94F1F6823D653C800F147EB /* CurrencyConverterTests.swift */; };
		D94F1F7423D653C800F147EB /* CurrencyConverterUITests.swift in Sources */ = {isa = PBXBuildFile; fileRef = D94F1F7323D653C800F147EB /* CurrencyConverterUITests.swift */; };
		D9650C5E23D6610600C8D6BC /* StringsHelper.swift in Sources */ = {isa = PBXBuildFile; fileRef = D9650C5D23D6610600C8D6BC /* StringsHelper.swift */; };
		D9650C6223D7493D00C8D6BC /* CustomButton.swift in Sources */ = {isa = PBXBuildFile; fileRef = D9650C6123D7493D00C8D6BC /* CustomButton.swift */; };
		D9650C6423D752B700C8D6BC /* DesignableTextField.swift in Sources */ = {isa = PBXBuildFile; fileRef = D9650C6323D752B700C8D6BC /* DesignableTextField.swift */; };
		D9B116AF23DA46FE00235583 /* CurrencyConverterViewController.swift in Sources */ = {isa = PBXBuildFile; fileRef = D9B116AE23DA46FE00235583 /* CurrencyConverterViewController.swift */; };
		D9B116B123DA4CD800235583 /* CurrencyConverterModel.swift in Sources */ = {isa = PBXBuildFile; fileRef = D9B116B023DA4CD800235583 /* CurrencyConverterModel.swift */; };
		D9B116B423DA5A1100235583 /* Service.swift in Sources */ = {isa = PBXBuildFile; fileRef = D9B116B323DA5A1100235583 /* Service.swift */; };
/* End PBXBuildFile section */

/* Begin PBXContainerItemProxy section */
		D94F1F6523D653C800F147EB /* PBXContainerItemProxy */ = {
			isa = PBXContainerItemProxy;
			containerPortal = D94F1F4623D653C500F147EB /* Project object */;
			proxyType = 1;
			remoteGlobalIDString = D94F1F4D23D653C500F147EB;
			remoteInfo = CurrencyConverter;
		};
		D94F1F7023D653C800F147EB /* PBXContainerItemProxy */ = {
			isa = PBXContainerItemProxy;
			containerPortal = D94F1F4623D653C500F147EB /* Project object */;
			proxyType = 1;
			remoteGlobalIDString = D94F1F4D23D653C500F147EB;
			remoteInfo = CurrencyConverter;
		};
/* End PBXContainerItemProxy section */

/* Begin PBXFileReference section */
		08477AF5720F5BD7775E40A4 /* Pods-CurrencyConverter.release.xcconfig */ = {isa = PBXFileReference; includeInIndex = 1; lastKnownFileType = text.xcconfig; name = "Pods-CurrencyConverter.release.xcconfig"; path = "Target Support Files/Pods-CurrencyConverter/Pods-CurrencyConverter.release.xcconfig"; sourceTree = "<group>"; };
		59C57AE3EDB8525B5B544EA4 /* Pods_CurrencyConverter.framework */ = {isa = PBXFileReference; explicitFileType = wrapper.framework; includeInIndex = 0; path = Pods_CurrencyConverter.framework; sourceTree = BUILT_PRODUCTS_DIR; };
		D9388BCE23FF542F0061615C /* CurrencyConverterViewModel.swift */ = {isa = PBXFileReference; lastKnownFileType = sourcecode.swift; path = CurrencyConverterViewModel.swift; sourceTree = "<group>"; };
		D94C6F6923D8B00A00ED8C53 /* LoginPresenter.swift */ = {isa = PBXFileReference; lastKnownFileType = sourcecode.swift; path = LoginPresenter.swift; sourceTree = "<group>"; };
		D94C6F6B23D8B1C200ED8C53 /* LoginModel.swift */ = {isa = PBXFileReference; lastKnownFileType = sourcecode.swift; path = LoginModel.swift; sourceTree = "<group>"; };
		D94F1F4E23D653C600F147EB /* CurrencyConverter.app */ = {isa = PBXFileReference; explicitFileType = wrapper.application; includeInIndex = 0; path = CurrencyConverter.app; sourceTree = BUILT_PRODUCTS_DIR; };
		D94F1F5123D653C600F147EB /* AppDelegate.swift */ = {isa = PBXFileReference; lastKnownFileType = sourcecode.swift; path = AppDelegate.swift; sourceTree = "<group>"; };
		D94F1F5323D653C600F147EB /* SceneDelegate.swift */ = {isa = PBXFileReference; lastKnownFileType = sourcecode.swift; path = SceneDelegate.swift; sourceTree = "<group>"; };
		D94F1F5523D653C600F147EB /* LoginViewController.swift */ = {isa = PBXFileReference; lastKnownFileType = sourcecode.swift; path = LoginViewController.swift; sourceTree = "<group>"; };
		D94F1F5823D653C600F147EB /* Base */ = {isa = PBXFileReference; lastKnownFileType = file.storyboard; name = Base; path = Base.lproj/Main.storyboard; sourceTree = "<group>"; };
		D94F1F5A23D653C800F147EB /* Assets.xcassets */ = {isa = PBXFileReference; lastKnownFileType = folder.assetcatalog; path = Assets.xcassets; sourceTree = "<group>"; };
		D94F1F5D23D653C800F147EB /* Base */ = {isa = PBXFileReference; lastKnownFileType = file.storyboard; name = Base; path = Base.lproj/LaunchScreen.storyboard; sourceTree = "<group>"; };
		D94F1F5F23D653C800F147EB /* Info.plist */ = {isa = PBXFileReference; lastKnownFileType = text.plist.xml; path = Info.plist; sourceTree = "<group>"; };
		D94F1F6423D653C800F147EB /* CurrencyConverterTests.xctest */ = {isa = PBXFileReference; explicitFileType = wrapper.cfbundle; includeInIndex = 0; path = CurrencyConverterTests.xctest; sourceTree = BUILT_PRODUCTS_DIR; };
		D94F1F6823D653C800F147EB /* CurrencyConverterTests.swift */ = {isa = PBXFileReference; lastKnownFileType = sourcecode.swift; path = CurrencyConverterTests.swift; sourceTree = "<group>"; };
		D94F1F6A23D653C800F147EB /* Info.plist */ = {isa = PBXFileReference; lastKnownFileType = text.plist.xml; path = Info.plist; sourceTree = "<group>"; };
		D94F1F6F23D653C800F147EB /* CurrencyConverterUITests.xctest */ = {isa = PBXFileReference; explicitFileType = wrapper.cfbundle; includeInIndex = 0; path = CurrencyConverterUITests.xctest; sourceTree = BUILT_PRODUCTS_DIR; };
		D94F1F7323D653C800F147EB /* CurrencyConverterUITests.swift */ = {isa = PBXFileReference; lastKnownFileType = sourcecode.swift; path = CurrencyConverterUITests.swift; sourceTree = "<group>"; };
		D94F1F7523D653C800F147EB /* Info.plist */ = {isa = PBXFileReference; lastKnownFileType = text.plist.xml; path = Info.plist; sourceTree = "<group>"; };
		D9650C5D23D6610600C8D6BC /* StringsHelper.swift */ = {isa = PBXFileReference; lastKnownFileType = sourcecode.swift; path = StringsHelper.swift; sourceTree = "<group>"; };
		D9650C6123D7493D00C8D6BC /* CustomButton.swift */ = {isa = PBXFileReference; lastKnownFileType = sourcecode.swift; path = CustomButton.swift; sourceTree = "<group>"; };
		D9650C6323D752B700C8D6BC /* DesignableTextField.swift */ = {isa = PBXFileReference; lastKnownFileType = sourcecode.swift; path = DesignableTextField.swift; sourceTree = "<group>"; };
		D9B116AE23DA46FE00235583 /* CurrencyConverterViewController.swift */ = {isa = PBXFileReference; lastKnownFileType = sourcecode.swift; name = CurrencyConverterViewController.swift; path = CurrencyConverter/CurrencyConverterViewController.swift; sourceTree = SOURCE_ROOT; };
		D9B116B023DA4CD800235583 /* CurrencyConverterModel.swift */ = {isa = PBXFileReference; lastKnownFileType = sourcecode.swift; path = CurrencyConverterModel.swift; sourceTree = "<group>"; };
		D9B116B323DA5A1100235583 /* Service.swift */ = {isa = PBXFileReference; lastKnownFileType = sourcecode.swift; path = Service.swift; sourceTree = "<group>"; };
		E4C09374087F3BCF14BB361F /* Pods-CurrencyConverter.debug.xcconfig */ = {isa = PBXFileReference; includeInIndex = 1; lastKnownFileType = text.xcconfig; name = "Pods-CurrencyConverter.debug.xcconfig"; path = "Target Support Files/Pods-CurrencyConverter/Pods-CurrencyConverter.debug.xcconfig"; sourceTree = "<group>"; };
/* End PBXFileReference section */

/* Begin PBXFrameworksBuildPhase section */
		D94F1F4B23D653C500F147EB /* Frameworks */ = {
			isa = PBXFrameworksBuildPhase;
			buildActionMask = 2147483647;
			files = (
				8384A5C74F9F2C1670460EAF /* Pods_CurrencyConverter.framework in Frameworks */,
			);
			runOnlyForDeploymentPostprocessing = 0;
		};
		D94F1F6123D653C800F147EB /* Frameworks */ = {
			isa = PBXFrameworksBuildPhase;
			buildActionMask = 2147483647;
			files = (
			);
			runOnlyForDeploymentPostprocessing = 0;
		};
		D94F1F6C23D653C800F147EB /* Frameworks */ = {
			isa = PBXFrameworksBuildPhase;
			buildActionMask = 2147483647;
			files = (
			);
			runOnlyForDeploymentPostprocessing = 0;
		};
/* End PBXFrameworksBuildPhase section */

/* Begin PBXGroup section */
		A3A18B4DBD72C61840CF112D /* Frameworks */ = {
			isa = PBXGroup;
			children = (
				59C57AE3EDB8525B5B544EA4 /* Pods_CurrencyConverter.framework */,
			);
			name = Frameworks;
			sourceTree = "<group>";
		};
		A4B7359728AC92DA68E7D5B4 /* Pods */ = {
			isa = PBXGroup;
			children = (
				E4C09374087F3BCF14BB361F /* Pods-CurrencyConverter.debug.xcconfig */,
				08477AF5720F5BD7775E40A4 /* Pods-CurrencyConverter.release.xcconfig */,
			);
			path = Pods;
			sourceTree = "<group>";
		};
		D94F1F4523D653C500F147EB = {
			isa = PBXGroup;
			children = (
				D94F1F5023D653C600F147EB /* CurrencyConverter */,
				D94F1F6723D653C800F147EB /* CurrencyConverterTests */,
				D94F1F7223D653C800F147EB /* CurrencyConverterUITests */,
				D94F1F4F23D653C600F147EB /* Products */,
				A4B7359728AC92DA68E7D5B4 /* Pods */,
				A3A18B4DBD72C61840CF112D /* Frameworks */,
			);
			sourceTree = "<group>";
		};
		D94F1F4F23D653C600F147EB /* Products */ = {
			isa = PBXGroup;
			children = (
				D94F1F4E23D653C600F147EB /* CurrencyConverter.app */,
				D94F1F6423D653C800F147EB /* CurrencyConverterTests.xctest */,
				D94F1F6F23D653C800F147EB /* CurrencyConverterUITests.xctest */,
			);
			name = Products;
			sourceTree = "<group>";
		};
		D94F1F5023D653C600F147EB /* CurrencyConverter */ = {
			isa = PBXGroup;
			children = (
				D9B116B223DA580300235583 /* Request */,
				D9650C5C23D660BE00C8D6BC /* Utils */,
				D9650C5B23D658A900C8D6BC /* ViewModel */,
				D9650C5A23D6589B00C8D6BC /* View */,
				D9650C5923D6588D00C8D6BC /* Model */,
				D94F1F5123D653C600F147EB /* AppDelegate.swift */,
				D94F1F5323D653C600F147EB /* SceneDelegate.swift */,
				D94F1F5723D653C600F147EB /* Main.storyboard */,
				D94F1F5A23D653C800F147EB /* Assets.xcassets */,
				D94F1F5C23D653C800F147EB /* LaunchScreen.storyboard */,
				D94F1F5F23D653C800F147EB /* Info.plist */,
			);
			path = CurrencyConverter;
			sourceTree = "<group>";
		};
		D94F1F6723D653C800F147EB /* CurrencyConverterTests */ = {
			isa = PBXGroup;
			children = (
				D94F1F6823D653C800F147EB /* CurrencyConverterTests.swift */,
				D94F1F6A23D653C800F147EB /* Info.plist */,
			);
			path = CurrencyConverterTests;
			sourceTree = "<group>";
		};
		D94F1F7223D653C800F147EB /* CurrencyConverterUITests */ = {
			isa = PBXGroup;
			children = (
				D94F1F7323D653C800F147EB /* CurrencyConverterUITests.swift */,
				D94F1F7523D653C800F147EB /* Info.plist */,
			);
			path = CurrencyConverterUITests;
			sourceTree = "<group>";
		};
		D9650C5923D6588D00C8D6BC /* Model */ = {
			isa = PBXGroup;
			children = (
				D94C6F6B23D8B1C200ED8C53 /* LoginModel.swift */,
				D9B116B023DA4CD800235583 /* CurrencyConverterModel.swift */,
			);
			path = Model;
			sourceTree = "<group>";
		};
		D9650C5A23D6589B00C8D6BC /* View */ = {
			isa = PBXGroup;
			children = (
				D9B116AE23DA46FE00235583 /* CurrencyConverterViewController.swift */,
				D94F1F5523D653C600F147EB /* LoginViewController.swift */,
			);
			path = View;
			sourceTree = "<group>";
		};
		D9650C5B23D658A900C8D6BC /* ViewModel */ = {
			isa = PBXGroup;
			children = (
				D94C6F6923D8B00A00ED8C53 /* LoginPresenter.swift */,
				D9388BCE23FF542F0061615C /* CurrencyConverterViewModel.swift */,
			);
			path = ViewModel;
			sourceTree = "<group>";
		};
		D9650C5C23D660BE00C8D6BC /* Utils */ = {
			isa = PBXGroup;
			children = (
				D9650C5D23D6610600C8D6BC /* StringsHelper.swift */,
				D9650C6123D7493D00C8D6BC /* CustomButton.swift */,
				D9650C6323D752B700C8D6BC /* DesignableTextField.swift */,
			);
			path = Utils;
			sourceTree = "<group>";
		};
		D9B116B223DA580300235583 /* Request */ = {
			isa = PBXGroup;
			children = (
				D9B116B323DA5A1100235583 /* Service.swift */,
			);
			path = Request;
			sourceTree = "<group>";
		};
/* End PBXGroup section */

/* Begin PBXNativeTarget section */
		D94F1F4D23D653C500F147EB /* CurrencyConverter */ = {
			isa = PBXNativeTarget;
			buildConfigurationList = D94F1F7823D653C800F147EB /* Build configuration list for PBXNativeTarget "CurrencyConverter" */;
			buildPhases = (
				17BBE87A3D567D6DB8131ED0 /* [CP] Check Pods Manifest.lock */,
				D94F1F4A23D653C500F147EB /* Sources */,
				D94F1F4B23D653C500F147EB /* Frameworks */,
				D94F1F4C23D653C500F147EB /* Resources */,
				031A224B968E7B2073D27455 /* [CP] Embed Pods Frameworks */,
			);
			buildRules = (
			);
			dependencies = (
			);
			name = CurrencyConverter;
			productName = CurrencyConverter;
			productReference = D94F1F4E23D653C600F147EB /* CurrencyConverter.app */;
			productType = "com.apple.product-type.application";
		};
		D94F1F6323D653C800F147EB /* CurrencyConverterTests */ = {
			isa = PBXNativeTarget;
			buildConfigurationList = D94F1F7B23D653C800F147EB /* Build configuration list for PBXNativeTarget "CurrencyConverterTests" */;
			buildPhases = (
				D94F1F6023D653C800F147EB /* Sources */,
				D94F1F6123D653C800F147EB /* Frameworks */,
				D94F1F6223D653C800F147EB /* Resources */,
			);
			buildRules = (
			);
			dependencies = (
				D94F1F6623D653C800F147EB /* PBXTargetDependency */,
			);
			name = CurrencyConverterTests;
			productName = CurrencyConverterTests;
			productReference = D94F1F6423D653C800F147EB /* CurrencyConverterTests.xctest */;
			productType = "com.apple.product-type.bundle.unit-test";
		};
		D94F1F6E23D653C800F147EB /* CurrencyConverterUITests */ = {
			isa = PBXNativeTarget;
			buildConfigurationList = D94F1F7E23D653C800F147EB /* Build configuration list for PBXNativeTarget "CurrencyConverterUITests" */;
			buildPhases = (
				D94F1F6B23D653C800F147EB /* Sources */,
				D94F1F6C23D653C800F147EB /* Frameworks */,
				D94F1F6D23D653C800F147EB /* Resources */,
			);
			buildRules = (
			);
			dependencies = (
				D94F1F7123D653C800F147EB /* PBXTargetDependency */,
			);
			name = CurrencyConverterUITests;
			productName = CurrencyConverterUITests;
			productReference = D94F1F6F23D653C800F147EB /* CurrencyConverterUITests.xctest */;
			productType = "com.apple.product-type.bundle.ui-testing";
		};
/* End PBXNativeTarget section */

/* Begin PBXProject section */
		D94F1F4623D653C500F147EB /* Project object */ = {
			isa = PBXProject;
			attributes = {
				LastSwiftUpdateCheck = 1120;
				LastUpgradeCheck = 1120;
				ORGANIZATIONNAME = "Jean Carlos";
				TargetAttributes = {
					D94F1F4D23D653C500F147EB = {
						CreatedOnToolsVersion = 11.2.1;
					};
					D94F1F6323D653C800F147EB = {
						CreatedOnToolsVersion = 11.2.1;
						TestTargetID = D94F1F4D23D653C500F147EB;
					};
					D94F1F6E23D653C800F147EB = {
						CreatedOnToolsVersion = 11.2.1;
						TestTargetID = D94F1F4D23D653C500F147EB;
					};
				};
			};
			buildConfigurationList = D94F1F4923D653C500F147EB /* Build configuration list for PBXProject "CurrencyConverter" */;
			compatibilityVersion = "Xcode 9.3";
			developmentRegion = en;
			hasScannedForEncodings = 0;
			knownRegions = (
				en,
				Base,
			);
			mainGroup = D94F1F4523D653C500F147EB;
			productRefGroup = D94F1F4F23D653C600F147EB /* Products */;
			projectDirPath = "";
			projectRoot = "";
			targets = (
				D94F1F4D23D653C500F147EB /* CurrencyConverter */,
				D94F1F6323D653C800F147EB /* CurrencyConverterTests */,
				D94F1F6E23D653C800F147EB /* CurrencyConverterUITests */,
			);
		};
/* End PBXProject section */

/* Begin PBXResourcesBuildPhase section */
		D94F1F4C23D653C500F147EB /* Resources */ = {
			isa = PBXResourcesBuildPhase;
			buildActionMask = 2147483647;
			files = (
				D94F1F5E23D653C800F147EB /* LaunchScreen.storyboard in Resources */,
				D94F1F5B23D653C800F147EB /* Assets.xcassets in Resources */,
				D94F1F5923D653C600F147EB /* Main.storyboard in Resources */,
			);
			runOnlyForDeploymentPostprocessing = 0;
		};
		D94F1F6223D653C800F147EB /* Resources */ = {
			isa = PBXResourcesBuildPhase;
			buildActionMask = 2147483647;
			files = (
			);
			runOnlyForDeploymentPostprocessing = 0;
		};
		D94F1F6D23D653C800F147EB /* Resources */ = {
			isa = PBXResourcesBuildPhase;
			buildActionMask = 2147483647;
			files = (
			);
			runOnlyForDeploymentPostprocessing = 0;
		};
/* End PBXResourcesBuildPhase section */

/* Begin PBXShellScriptBuildPhase section */
		031A224B968E7B2073D27455 /* [CP] Embed Pods Frameworks */ = {
			isa = PBXShellScriptBuildPhase;
			buildActionMask = 2147483647;
			files = (
			);
			inputFileListPaths = (
				"${PODS_ROOT}/Target Support Files/Pods-CurrencyConverter/Pods-CurrencyConverter-frameworks-${CONFIGURATION}-input-files.xcfilelist",
			);
			name = "[CP] Embed Pods Frameworks";
			outputFileListPaths = (
				"${PODS_ROOT}/Target Support Files/Pods-CurrencyConverter/Pods-CurrencyConverter-frameworks-${CONFIGURATION}-output-files.xcfilelist",
			);
			runOnlyForDeploymentPostprocessing = 0;
			shellPath = /bin/sh;
			shellScript = "\"${PODS_ROOT}/Target Support Files/Pods-CurrencyConverter/Pods-CurrencyConverter-frameworks.sh\"\n";
			showEnvVarsInLog = 0;
		};
		17BBE87A3D567D6DB8131ED0 /* [CP] Check Pods Manifest.lock */ = {
			isa = PBXShellScriptBuildPhase;
			buildActionMask = 2147483647;
			files = (
			);
			inputFileListPaths = (
			);
			inputPaths = (
				"${PODS_PODFILE_DIR_PATH}/Podfile.lock",
				"${PODS_ROOT}/Manifest.lock",
			);
			name = "[CP] Check Pods Manifest.lock";
			outputFileListPaths = (
			);
			outputPaths = (
				"$(DERIVED_FILE_DIR)/Pods-CurrencyConverter-checkManifestLockResult.txt",
			);
			runOnlyForDeploymentPostprocessing = 0;
			shellPath = /bin/sh;
			shellScript = "diff \"${PODS_PODFILE_DIR_PATH}/Podfile.lock\" \"${PODS_ROOT}/Manifest.lock\" > /dev/null\nif [ $? != 0 ] ; then\n    # print error to STDERR\n    echo \"error: The sandbox is not in sync with the Podfile.lock. Run 'pod install' or update your CocoaPods installation.\" >&2\n    exit 1\nfi\n# This output is used by Xcode 'outputs' to avoid re-running this script phase.\necho \"SUCCESS\" > \"${SCRIPT_OUTPUT_FILE_0}\"\n";
			showEnvVarsInLog = 0;
		};
/* End PBXShellScriptBuildPhase section */

/* Begin PBXSourcesBuildPhase section */
		D94F1F4A23D653C500F147EB /* Sources */ = {
			isa = PBXSourcesBuildPhase;
			buildActionMask = 2147483647;
			files = (
				D9650C5E23D6610600C8D6BC /* StringsHelper.swift in Sources */,
				D9B116B123DA4CD800235583 /* CurrencyConverterModel.swift in Sources */,
				D9650C6423D752B700C8D6BC /* DesignableTextField.swift in Sources */,
				D94C6F6A23D8B00A00ED8C53 /* LoginPresenter.swift in Sources */,
				D9B116AF23DA46FE00235583 /* CurrencyConverterViewController.swift in Sources */,
				D94F1F5623D653C600F147EB /* LoginViewController.swift in Sources */,
				D94F1F5223D653C600F147EB /* AppDelegate.swift in Sources */,
				D94C6F6C23D8B1C200ED8C53 /* LoginModel.swift in Sources */,
				D9388BCF23FF542F0061615C /* CurrencyConverterViewModel.swift in Sources */,
				D9B116B423DA5A1100235583 /* Service.swift in Sources */,
				D94F1F5423D653C600F147EB /* SceneDelegate.swift in Sources */,
				D9650C6223D7493D00C8D6BC /* CustomButton.swift in Sources */,
			);
			runOnlyForDeploymentPostprocessing = 0;
		};
		D94F1F6023D653C800F147EB /* Sources */ = {
			isa = PBXSourcesBuildPhase;
			buildActionMask = 2147483647;
			files = (
				D94F1F6923D653C800F147EB /* CurrencyConverterTests.swift in Sources */,
			);
			runOnlyForDeploymentPostprocessing = 0;
		};
		D94F1F6B23D653C800F147EB /* Sources */ = {
			isa = PBXSourcesBuildPhase;
			buildActionMask = 2147483647;
			files = (
				D94F1F7423D653C800F147EB /* CurrencyConverterUITests.swift in Sources */,
			);
			runOnlyForDeploymentPostprocessing = 0;
		};
/* End PBXSourcesBuildPhase section */

/* Begin PBXTargetDependency section */
		D94F1F6623D653C800F147EB /* PBXTargetDependency */ = {
			isa = PBXTargetDependency;
			target = D94F1F4D23D653C500F147EB /* CurrencyConverter */;
			targetProxy = D94F1F6523D653C800F147EB /* PBXContainerItemProxy */;
		};
		D94F1F7123D653C800F147EB /* PBXTargetDependency */ = {
			isa = PBXTargetDependency;
			target = D94F1F4D23D653C500F147EB /* CurrencyConverter */;
			targetProxy = D94F1F7023D653C800F147EB /* PBXContainerItemProxy */;
		};
/* End PBXTargetDependency section */

/* Begin PBXVariantGroup section */
		D94F1F5723D653C600F147EB /* Main.storyboard */ = {
			isa = PBXVariantGroup;
			children = (
				D94F1F5823D653C600F147EB /* Base */,
			);
			name = Main.storyboard;
			sourceTree = "<group>";
		};
		D94F1F5C23D653C800F147EB /* LaunchScreen.storyboard */ = {
			isa = PBXVariantGroup;
			children = (
				D94F1F5D23D653C800F147EB /* Base */,
			);
			name = LaunchScreen.storyboard;
			sourceTree = "<group>";
		};
/* End PBXVariantGroup section */

/* Begin XCBuildConfiguration section */
		D94F1F7623D653C800F147EB /* Debug */ = {
			isa = XCBuildConfiguration;
			buildSettings = {
				ALWAYS_SEARCH_USER_PATHS = NO;
				CLANG_ANALYZER_NONNULL = YES;
				CLANG_ANALYZER_NUMBER_OBJECT_CONVERSION = YES_AGGRESSIVE;
				CLANG_CXX_LANGUAGE_STANDARD = "gnu++14";
				CLANG_CXX_LIBRARY = "libc++";
				CLANG_ENABLE_MODULES = YES;
				CLANG_ENABLE_OBJC_ARC = YES;
				CLANG_ENABLE_OBJC_WEAK = YES;
				CLANG_WARN_BLOCK_CAPTURE_AUTORELEASING = YES;
				CLANG_WARN_BOOL_CONVERSION = YES;
				CLANG_WARN_COMMA = YES;
				CLANG_WARN_CONSTANT_CONVERSION = YES;
				CLANG_WARN_DEPRECATED_OBJC_IMPLEMENTATIONS = YES;
				CLANG_WARN_DIRECT_OBJC_ISA_USAGE = YES_ERROR;
				CLANG_WARN_DOCUMENTATION_COMMENTS = YES;
				CLANG_WARN_EMPTY_BODY = YES;
				CLANG_WARN_ENUM_CONVERSION = YES;
				CLANG_WARN_INFINITE_RECURSION = YES;
				CLANG_WARN_INT_CONVERSION = YES;
				CLANG_WARN_NON_LITERAL_NULL_CONVERSION = YES;
				CLANG_WARN_OBJC_IMPLICIT_RETAIN_SELF = YES;
				CLANG_WARN_OBJC_LITERAL_CONVERSION = YES;
				CLANG_WARN_OBJC_ROOT_CLASS = YES_ERROR;
				CLANG_WARN_RANGE_LOOP_ANALYSIS = YES;
				CLANG_WARN_STRICT_PROTOTYPES = YES;
				CLANG_WARN_SUSPICIOUS_MOVE = YES;
				CLANG_WARN_UNGUARDED_AVAILABILITY = YES_AGGRESSIVE;
				CLANG_WARN_UNREACHABLE_CODE = YES;
				CLANG_WARN__DUPLICATE_METHOD_MATCH = YES;
				COPY_PHASE_STRIP = NO;
				DEBUG_INFORMATION_FORMAT = dwarf;
				ENABLE_STRICT_OBJC_MSGSEND = YES;
				ENABLE_TESTABILITY = YES;
				GCC_C_LANGUAGE_STANDARD = gnu11;
				GCC_DYNAMIC_NO_PIC = NO;
				GCC_NO_COMMON_BLOCKS = YES;
				GCC_OPTIMIZATION_LEVEL = 0;
				GCC_PREPROCESSOR_DEFINITIONS = (
					"DEBUG=1",
					"$(inherited)",
				);
				GCC_WARN_64_TO_32_BIT_CONVERSION = YES;
				GCC_WARN_ABOUT_RETURN_TYPE = YES_ERROR;
				GCC_WARN_UNDECLARED_SELECTOR = YES;
				GCC_WARN_UNINITIALIZED_AUTOS = YES_AGGRESSIVE;
				GCC_WARN_UNUSED_FUNCTION = YES;
				GCC_WARN_UNUSED_VARIABLE = YES;
				IPHONEOS_DEPLOYMENT_TARGET = 13.2;
				MTL_ENABLE_DEBUG_INFO = INCLUDE_SOURCE;
				MTL_FAST_MATH = YES;
				ONLY_ACTIVE_ARCH = YES;
				SDKROOT = iphoneos;
				SWIFT_ACTIVE_COMPILATION_CONDITIONS = DEBUG;
				SWIFT_OPTIMIZATION_LEVEL = "-Onone";
			};
			name = Debug;
		};
		D94F1F7723D653C800F147EB /* Release */ = {
			isa = XCBuildConfiguration;
			buildSettings = {
				ALWAYS_SEARCH_USER_PATHS = NO;
				CLANG_ANALYZER_NONNULL = YES;
				CLANG_ANALYZER_NUMBER_OBJECT_CONVERSION = YES_AGGRESSIVE;
				CLANG_CXX_LANGUAGE_STANDARD = "gnu++14";
				CLANG_CXX_LIBRARY = "libc++";
				CLANG_ENABLE_MODULES = YES;
				CLANG_ENABLE_OBJC_ARC = YES;
				CLANG_ENABLE_OBJC_WEAK = YES;
				CLANG_WARN_BLOCK_CAPTURE_AUTORELEASING = YES;
				CLANG_WARN_BOOL_CONVERSION = YES;
				CLANG_WARN_COMMA = YES;
				CLANG_WARN_CONSTANT_CONVERSION = YES;
				CLANG_WARN_DEPRECATED_OBJC_IMPLEMENTATIONS = YES;
				CLANG_WARN_DIRECT_OBJC_ISA_USAGE = YES_ERROR;
				CLANG_WARN_DOCUMENTATION_COMMENTS = YES;
				CLANG_WARN_EMPTY_BODY = YES;
				CLANG_WARN_ENUM_CONVERSION = YES;
				CLANG_WARN_INFINITE_RECURSION = YES;
				CLANG_WARN_INT_CONVERSION = YES;
				CLANG_WARN_NON_LITERAL_NULL_CONVERSION = YES;
				CLANG_WARN_OBJC_IMPLICIT_RETAIN_SELF = YES;
				CLANG_WARN_OBJC_LITERAL_CONVERSION = YES;
				CLANG_WARN_OBJC_ROOT_CLASS = YES_ERROR;
				CLANG_WARN_RANGE_LOOP_ANALYSIS = YES;
				CLANG_WARN_STRICT_PROTOTYPES = YES;
				CLANG_WARN_SUSPICIOUS_MOVE = YES;
				CLANG_WARN_UNGUARDED_AVAILABILITY = YES_AGGRESSIVE;
				CLANG_WARN_UNREACHABLE_CODE = YES;
				CLANG_WARN__DUPLICATE_METHOD_MATCH = YES;
				COPY_PHASE_STRIP = NO;
				DEBUG_INFORMATION_FORMAT = "dwarf-with-dsym";
				ENABLE_NS_ASSERTIONS = NO;
				ENABLE_STRICT_OBJC_MSGSEND = YES;
				GCC_C_LANGUAGE_STANDARD = gnu11;
				GCC_NO_COMMON_BLOCKS = YES;
				GCC_WARN_64_TO_32_BIT_CONVERSION = YES;
				GCC_WARN_ABOUT_RETURN_TYPE = YES_ERROR;
				GCC_WARN_UNDECLARED_SELECTOR = YES;
				GCC_WARN_UNINITIALIZED_AUTOS = YES_AGGRESSIVE;
				GCC_WARN_UNUSED_FUNCTION = YES;
				GCC_WARN_UNUSED_VARIABLE = YES;
				IPHONEOS_DEPLOYMENT_TARGET = 13.2;
				MTL_ENABLE_DEBUG_INFO = NO;
				MTL_FAST_MATH = YES;
				SDKROOT = iphoneos;
				SWIFT_COMPILATION_MODE = wholemodule;
				SWIFT_OPTIMIZATION_LEVEL = "-O";
				VALIDATE_PRODUCT = YES;
			};
			name = Release;
		};
		D94F1F7923D653C800F147EB /* Debug */ = {
			isa = XCBuildConfiguration;
			baseConfigurationReference = E4C09374087F3BCF14BB361F /* Pods-CurrencyConverter.debug.xcconfig */;
			buildSettings = {
				ASSETCATALOG_COMPILER_APPICON_NAME = AppIcon;
				CODE_SIGN_STYLE = Automatic;
				INFOPLIST_FILE = CurrencyConverter/Info.plist;
				LD_RUNPATH_SEARCH_PATHS = (
					"$(inherited)",
					"@executable_path/Frameworks",
				);
				PRODUCT_BUNDLE_IDENTIFIER = jeancarlosaps.CurrencyConverter;
				PRODUCT_NAME = "$(TARGET_NAME)";
				SWIFT_VERSION = 5.0;
				TARGETED_DEVICE_FAMILY = "1,2";
			};
			name = Debug;
		};
		D94F1F7A23D653C800F147EB /* Release */ = {
			isa = XCBuildConfiguration;
			baseConfigurationReference = 08477AF5720F5BD7775E40A4 /* Pods-CurrencyConverter.release.xcconfig */;
			buildSettings = {
				ASSETCATALOG_COMPILER_APPICON_NAME = AppIcon;
				CODE_SIGN_STYLE = Automatic;
				INFOPLIST_FILE = CurrencyConverter/Info.plist;
				LD_RUNPATH_SEARCH_PATHS = (
					"$(inherited)",
					"@executable_path/Frameworks",
				);
				PRODUCT_BUNDLE_IDENTIFIER = jeancarlosaps.CurrencyConverter;
				PRODUCT_NAME = "$(TARGET_NAME)";
				SWIFT_VERSION = 5.0;
				TARGETED_DEVICE_FAMILY = "1,2";
			};
			name = Release;
		};
		D94F1F7C23D653C800F147EB /* Debug */ = {
			isa = XCBuildConfiguration;
			buildSettings = {
				ALWAYS_EMBED_SWIFT_STANDARD_LIBRARIES = YES;
				BUNDLE_LOADER = "$(TEST_HOST)";
				CODE_SIGN_STYLE = Automatic;
				INFOPLIST_FILE = CurrencyConverterTests/Info.plist;
				IPHONEOS_DEPLOYMENT_TARGET = 13.2;
				LD_RUNPATH_SEARCH_PATHS = (
					"$(inherited)",
					"@executable_path/Frameworks",
					"@loader_path/Frameworks",
				);
				PRODUCT_BUNDLE_IDENTIFIER = jeancarlosaps.CurrencyConverterTests;
				PRODUCT_NAME = "$(TARGET_NAME)";
				SWIFT_VERSION = 5.0;
				TARGETED_DEVICE_FAMILY = "1,2";
				TEST_HOST = "$(BUILT_PRODUCTS_DIR)/CurrencyConverter.app/CurrencyConverter";
			};
			name = Debug;
		};
		D94F1F7D23D653C800F147EB /* Release */ = {
			isa = XCBuildConfiguration;
			buildSettings = {
				ALWAYS_EMBED_SWIFT_STANDARD_LIBRARIES = YES;
				BUNDLE_LOADER = "$(TEST_HOST)";
				CODE_SIGN_STYLE = Automatic;
				INFOPLIST_FILE = CurrencyConverterTests/Info.plist;
				IPHONEOS_DEPLOYMENT_TARGET = 13.2;
				LD_RUNPATH_SEARCH_PATHS = (
					"$(inherited)",
					"@executable_path/Frameworks",
					"@loader_path/Frameworks",
				);
				PRODUCT_BUNDLE_IDENTIFIER = jeancarlosaps.CurrencyConverterTests;
				PRODUCT_NAME = "$(TARGET_NAME)";
				SWIFT_VERSION = 5.0;
				TARGETED_DEVICE_FAMILY = "1,2";
				TEST_HOST = "$(BUILT_PRODUCTS_DIR)/CurrencyConverter.app/CurrencyConverter";
			};
			name = Release;
		};
		D94F1F7F23D653C800F147EB /* Debug */ = {
			isa = XCBuildConfiguration;
			buildSettings = {
				ALWAYS_EMBED_SWIFT_STANDARD_LIBRARIES = YES;
				CODE_SIGN_STYLE = Automatic;
				INFOPLIST_FILE = CurrencyConverterUITests/Info.plist;
				LD_RUNPATH_SEARCH_PATHS = (
					"$(inherited)",
					"@executable_path/Frameworks",
					"@loader_path/Frameworks",
				);
				PRODUCT_BUNDLE_IDENTIFIER = jeancarlosaps.CurrencyConverterUITests;
				PRODUCT_NAME = "$(TARGET_NAME)";
				SWIFT_VERSION = 5.0;
				TARGETED_DEVICE_FAMILY = "1,2";
				TEST_TARGET_NAME = CurrencyConverter;
			};
			name = Debug;
		};
		D94F1F8023D653C800F147EB /* Release */ = {
			isa = XCBuildConfiguration;
			buildSettings = {
				ALWAYS_EMBED_SWIFT_STANDARD_LIBRARIES = YES;
				CODE_SIGN_STYLE = Automatic;
				INFOPLIST_FILE = CurrencyConverterUITests/Info.plist;
				LD_RUNPATH_SEARCH_PATHS = (
					"$(inherited)",
					"@executable_path/Frameworks",
					"@loader_path/Frameworks",
				);
				PRODUCT_BUNDLE_IDENTIFIER = jeancarlosaps.CurrencyConverterUITests;
				PRODUCT_NAME = "$(TARGET_NAME)";
				SWIFT_VERSION = 5.0;
				TARGETED_DEVICE_FAMILY = "1,2";
				TEST_TARGET_NAME = CurrencyConverter;
			};
			name = Release;
		};
/* End XCBuildConfiguration section */

/* Begin XCConfigurationList section */
		D94F1F4923D653C500F147EB /* Build configuration list for PBXProject "CurrencyConverter" */ = {
			isa = XCConfigurationList;
			buildConfigurations = (
				D94F1F7623D653C800F147EB /* Debug */,
				D94F1F7723D653C800F147EB /* Release */,
			);
			defaultConfigurationIsVisible = 0;
			defaultConfigurationName = Release;
		};
		D94F1F7823D653C800F147EB /* Build configuration list for PBXNativeTarget "CurrencyConverter" */ = {
			isa = XCConfigurationList;
			buildConfigurations = (
				D94F1F7923D653C800F147EB /* Debug */,
				D94F1F7A23D653C800F147EB /* Release */,
			);
			defaultConfigurationIsVisible = 0;
			defaultConfigurationName = Release;
		};
		D94F1F7B23D653C800F147EB /* Build configuration list for PBXNativeTarget "CurrencyConverterTests" */ = {
			isa = XCConfigurationList;
			buildConfigurations = (
				D94F1F7C23D653C800F147EB /* Debug */,
				D94F1F7D23D653C800F147EB /* Release */,
			);
			defaultConfigurationIsVisible = 0;
			defaultConfigurationName = Release;
		};
		D94F1F7E23D653C800F147EB /* Build configuration list for PBXNativeTarget "CurrencyConverterUITests" */ = {
			isa = XCConfigurationList;
			buildConfigurations = (
				D94F1F7F23D653C800F147EB /* Debug */,
				D94F1F8023D653C800F147EB /* Release */,
			);
			defaultConfigurationIsVisible = 0;
			defaultConfigurationName = Release;
		};
/* End XCConfigurationList section */
	};
	rootObject = D94F1F4623D653C500F147EB /* Project object */;
}
